// !$*UTF8*$!
{
	archiveVersion = 1;
	classes = {
	};
	objectVersion = 51;
	objects = {

/* Begin PBXBuildFile section */
		1C021FEBACD68C7A2AD9F668 /* Pods_MemeMe.framework in Frameworks */ = {isa = PBXBuildFile; fileRef = AAD323F9797A60521585C6A8 /* Pods_MemeMe.framework */; };
		ED11548924FE788A006B6BBE /* AppDelegate.swift in Sources */ = {isa = PBXBuildFile; fileRef = ED11548824FE788A006B6BBE /* AppDelegate.swift */; };
		ED11548B24FE788A006B6BBE /* SceneDelegate.swift in Sources */ = {isa = PBXBuildFile; fileRef = ED11548A24FE788A006B6BBE /* SceneDelegate.swift */; };
		ED11548D24FE788A006B6BBE /* CreateMemeViewController.swift in Sources */ = {isa = PBXBuildFile; fileRef = ED11548C24FE788A006B6BBE /* CreateMemeViewController.swift */; };
		ED11549024FE788A006B6BBE /* Main.storyboard in Resources */ = {isa = PBXBuildFile; fileRef = ED11548E24FE788A006B6BBE /* Main.storyboard */; };
		ED11549224FE788D006B6BBE /* Assets.xcassets in Resources */ = {isa = PBXBuildFile; fileRef = ED11549124FE788D006B6BBE /* Assets.xcassets */; };
		ED11549524FE788D006B6BBE /* LaunchScreen.storyboard in Resources */ = {isa = PBXBuildFile; fileRef = ED11549324FE788D006B6BBE /* LaunchScreen.storyboard */; };
		ED5152DF254723090071B394 /* TableViewController.swift in Sources */ = {isa = PBXBuildFile; fileRef = ED5152DE254723090071B394 /* TableViewController.swift */; };
		ED5152E2254723150071B394 /* CollectionViewController.swift in Sources */ = {isa = PBXBuildFile; fileRef = ED5152E1254723150071B394 /* CollectionViewController.swift */; };
		ED5152E625477C090071B394 /* UIViewController+MemeMe.swift in Sources */ = {isa = PBXBuildFile; fileRef = ED5152E525477C090071B394 /* UIViewController+MemeMe.swift */; };
		ED5152E925478D930071B394 /* MemeDataStore.swift in Sources */ = {isa = PBXBuildFile; fileRef = ED5152E825478D930071B394 /* MemeDataStore.swift */; };
		EDEE4D8924FFDBEA009076E4 /* Meme.swift in Sources */ = {isa = PBXBuildFile; fileRef = EDEE4D8824FFDBEA009076E4 /* Meme.swift */; };
/* End PBXBuildFile section */

/* Begin PBXFileReference section */
		6042D9A2940441C374386BC2 /* Pods-MemeMe.release.xcconfig */ = {isa = PBXFileReference; includeInIndex = 1; lastKnownFileType = text.xcconfig; name = "Pods-MemeMe.release.xcconfig"; path = "Target Support Files/Pods-MemeMe/Pods-MemeMe.release.xcconfig"; sourceTree = "<group>"; };
		AAD323F9797A60521585C6A8 /* Pods_MemeMe.framework */ = {isa = PBXFileReference; explicitFileType = wrapper.framework; includeInIndex = 0; path = Pods_MemeMe.framework; sourceTree = BUILT_PRODUCTS_DIR; };
		E2C66D972143505C546567AE /* Pods-MemeMe.debug.xcconfig */ = {isa = PBXFileReference; includeInIndex = 1; lastKnownFileType = text.xcconfig; name = "Pods-MemeMe.debug.xcconfig"; path = "Target Support Files/Pods-MemeMe/Pods-MemeMe.debug.xcconfig"; sourceTree = "<group>"; };
		ED11548524FE788A006B6BBE /* MemeMe.app */ = {isa = PBXFileReference; explicitFileType = wrapper.application; includeInIndex = 0; path = MemeMe.app; sourceTree = BUILT_PRODUCTS_DIR; };
		ED11548824FE788A006B6BBE /* AppDelegate.swift */ = {isa = PBXFileReference; lastKnownFileType = sourcecode.swift; path = AppDelegate.swift; sourceTree = "<group>"; };
		ED11548A24FE788A006B6BBE /* SceneDelegate.swift */ = {isa = PBXFileReference; lastKnownFileType = sourcecode.swift; path = SceneDelegate.swift; sourceTree = "<group>"; };
		ED11548C24FE788A006B6BBE /* CreateMemeViewController.swift */ = {isa = PBXFileReference; lastKnownFileType = sourcecode.swift; path = CreateMemeViewController.swift; sourceTree = "<group>"; };
		ED11548F24FE788A006B6BBE /* Base */ = {isa = PBXFileReference; lastKnownFileType = file.storyboard; name = Base; path = Base.lproj/Main.storyboard; sourceTree = "<group>"; };
		ED11549124FE788D006B6BBE /* Assets.xcassets */ = {isa = PBXFileReference; lastKnownFileType = folder.assetcatalog; path = Assets.xcassets; sourceTree = "<group>"; };
		ED11549424FE788D006B6BBE /* Base */ = {isa = PBXFileReference; lastKnownFileType = file.storyboard; name = Base; path = Base.lproj/LaunchScreen.storyboard; sourceTree = "<group>"; };
		ED11549624FE788D006B6BBE /* Info.plist */ = {isa = PBXFileReference; lastKnownFileType = text.plist.xml; path = Info.plist; sourceTree = "<group>"; };
		ED5152DE254723090071B394 /* TableViewController.swift */ = {isa = PBXFileReference; lastKnownFileType = sourcecode.swift; path = TableViewController.swift; sourceTree = "<group>"; };
		ED5152E1254723150071B394 /* CollectionViewController.swift */ = {isa = PBXFileReference; lastKnownFileType = sourcecode.swift; path = CollectionViewController.swift; sourceTree = "<group>"; };
		ED5152E525477C090071B394 /* UIViewController+MemeMe.swift */ = {isa = PBXFileReference; lastKnownFileType = sourcecode.swift; path = "UIViewController+MemeMe.swift"; sourceTree = "<group>"; };
		ED5152E825478D930071B394 /* MemeDataStore.swift */ = {isa = PBXFileReference; lastKnownFileType = sourcecode.swift; path = MemeDataStore.swift; sourceTree = "<group>"; };
		EDEE4D8824FFDBEA009076E4 /* Meme.swift */ = {isa = PBXFileReference; lastKnownFileType = sourcecode.swift; path = Meme.swift; sourceTree = "<group>"; };
/* End PBXFileReference section */

/* Begin PBXFrameworksBuildPhase section */
		ED11548224FE788A006B6BBE /* Frameworks */ = {
			isa = PBXFrameworksBuildPhase;
			buildActionMask = 2147483647;
			files = (
				1C021FEBACD68C7A2AD9F668 /* Pods_MemeMe.framework in Frameworks */,
			);
			runOnlyForDeploymentPostprocessing = 0;
		};
/* End PBXFrameworksBuildPhase section */

/* Begin PBXGroup section */
		048F5FD204AD62E77161627A /* Frameworks */ = {
			isa = PBXGroup;
			children = (
				AAD323F9797A60521585C6A8 /* Pods_MemeMe.framework */,
			);
			name = Frameworks;
			sourceTree = "<group>";
		};
		E5B89622BF4448EB3598DC85 /* Pods */ = {
			isa = PBXGroup;
			children = (
				E2C66D972143505C546567AE /* Pods-MemeMe.debug.xcconfig */,
				6042D9A2940441C374386BC2 /* Pods-MemeMe.release.xcconfig */,
			);
			path = Pods;
			sourceTree = "<group>";
		};
		ED11547C24FE788A006B6BBE = {
			isa = PBXGroup;
			children = (
				ED11548724FE788A006B6BBE /* MemeMe */,
				ED11548624FE788A006B6BBE /* Products */,
				E5B89622BF4448EB3598DC85 /* Pods */,
				048F5FD204AD62E77161627A /* Frameworks */,
			);
			sourceTree = "<group>";
		};
		ED11548624FE788A006B6BBE /* Products */ = {
			isa = PBXGroup;
			children = (
				ED11548524FE788A006B6BBE /* MemeMe.app */,
			);
			name = Products;
			sourceTree = "<group>";
		};
		ED11548724FE788A006B6BBE /* MemeMe */ = {
			isa = PBXGroup;
			children = (
				EDEF4266254722A700530C76 /* Controllers */,
				ED11548824FE788A006B6BBE /* AppDelegate.swift */,
				ED11548A24FE788A006B6BBE /* SceneDelegate.swift */,
				ED11548E24FE788A006B6BBE /* Main.storyboard */,
				ED11549124FE788D006B6BBE /* Assets.xcassets */,
				ED11549324FE788D006B6BBE /* LaunchScreen.storyboard */,
				ED11549624FE788D006B6BBE /* Info.plist */,
				EDEE4D8824FFDBEA009076E4 /* Meme.swift */,
				ED5152E825478D930071B394 /* MemeDataStore.swift */,
			);
			path = MemeMe;
			sourceTree = "<group>";
		};
		EDEF4266254722A700530C76 /* Controllers */ = {
			isa = PBXGroup;
			children = (
				ED11548C24FE788A006B6BBE /* CreateMemeViewController.swift */,
				ED5152DE254723090071B394 /* TableViewController.swift */,
				ED5152E1254723150071B394 /* CollectionViewController.swift */,
				ED5152E525477C090071B394 /* UIViewController+MemeMe.swift */,
			);
			path = Controllers;
			sourceTree = "<group>";
		};
/* End PBXGroup section */

/* Begin PBXNativeTarget section */
		ED11548424FE788A006B6BBE /* MemeMe */ = {
			isa = PBXNativeTarget;
			buildConfigurationList = ED11549924FE788D006B6BBE /* Build configuration list for PBXNativeTarget "MemeMe" */;
			buildPhases = (
				07C699406288F3D5164DCBD4 /* [CP] Check Pods Manifest.lock */,
				ED11548124FE788A006B6BBE /* Sources */,
				ED11548224FE788A006B6BBE /* Frameworks */,
				ED11548324FE788A006B6BBE /* Resources */,
				7783A04B8E9BDD2E208B7D98 /* [CP] Embed Pods Frameworks */,
			);
			buildRules = (
			);
			dependencies = (
			);
			name = MemeMe;
			productName = MemeMe;
			productReference = ED11548524FE788A006B6BBE /* MemeMe.app */;
			productType = "com.apple.product-type.application";
		};
/* End PBXNativeTarget section */

/* Begin PBXProject section */
		ED11547D24FE788A006B6BBE /* Project object */ = {
			isa = PBXProject;
			attributes = {
				LastSwiftUpdateCheck = 1160;
				LastUpgradeCheck = 1160;
				ORGANIZATIONNAME = sidelkovsky.com;
				TargetAttributes = {
					ED11548424FE788A006B6BBE = {
						CreatedOnToolsVersion = 11.6;
					};
				};
			};
			buildConfigurationList = ED11548024FE788A006B6BBE /* Build configuration list for PBXProject "MemeMe" */;
			compatibilityVersion = "Xcode 9.3";
			developmentRegion = en;
			hasScannedForEncodings = 0;
			knownRegions = (
				en,
				Base,
			);
			mainGroup = ED11547C24FE788A006B6BBE;
			productRefGroup = ED11548624FE788A006B6BBE /* Products */;
			projectDirPath = "";
			projectRoot = "";
			targets = (
				ED11548424FE788A006B6BBE /* MemeMe */,
			);
		};
/* End PBXProject section */

/* Begin PBXResourcesBuildPhase section */
		ED11548324FE788A006B6BBE /* Resources */ = {
			isa = PBXResourcesBuildPhase;
			buildActionMask = 2147483647;
			files = (
				ED11549524FE788D006B6BBE /* LaunchScreen.storyboard in Resources */,
				ED11549224FE788D006B6BBE /* Assets.xcassets in Resources */,
				ED11549024FE788A006B6BBE /* Main.storyboard in Resources */,
			);
			runOnlyForDeploymentPostprocessing = 0;
		};
/* End PBXResourcesBuildPhase section */

/* Begin PBXShellScriptBuildPhase section */
		07C699406288F3D5164DCBD4 /* [CP] Check Pods Manifest.lock */ = {
			isa = PBXShellScriptBuildPhase;
			buildActionMask = 2147483647;
			files = (
			);
			inputFileListPaths = (
			);
			inputPaths = (
				"${PODS_PODFILE_DIR_PATH}/Podfile.lock",
				"${PODS_ROOT}/Manifest.lock",
			);
			name = "[CP] Check Pods Manifest.lock";
			outputFileListPaths = (
			);
			outputPaths = (
				"$(DERIVED_FILE_DIR)/Pods-MemeMe-checkManifestLockResult.txt",
			);
			runOnlyForDeploymentPostprocessing = 0;
			shellPath = /bin/sh;
			shellScript = "diff \"${PODS_PODFILE_DIR_PATH}/Podfile.lock\" \"${PODS_ROOT}/Manifest.lock\" > /dev/null\nif [ $? != 0 ] ; then\n    # print error to STDERR\n    echo \"error: The sandbox is not in sync with the Podfile.lock. Run 'pod install' or update your CocoaPods installation.\" >&2\n    exit 1\nfi\n# This output is used by Xcode 'outputs' to avoid re-running this script phase.\necho \"SUCCESS\" > \"${SCRIPT_OUTPUT_FILE_0}\"\n";
			showEnvVarsInLog = 0;
		};
		7783A04B8E9BDD2E208B7D98 /* [CP] Embed Pods Frameworks */ = {
			isa = PBXShellScriptBuildPhase;
			buildActionMask = 2147483647;
			files = (
			);
			inputFileListPaths = (
				"${PODS_ROOT}/Target Support Files/Pods-MemeMe/Pods-MemeMe-frameworks-${CONFIGURATION}-input-files.xcfilelist",
			);
			name = "[CP] Embed Pods Frameworks";
			outputFileListPaths = (
				"${PODS_ROOT}/Target Support Files/Pods-MemeMe/Pods-MemeMe-frameworks-${CONFIGURATION}-output-files.xcfilelist",
			);
			runOnlyForDeploymentPostprocessing = 0;
			shellPath = /bin/sh;
			shellScript = "\"${PODS_ROOT}/Target Support Files/Pods-MemeMe/Pods-MemeMe-frameworks.sh\"\n";
			showEnvVarsInLog = 0;
		};
/* End PBXShellScriptBuildPhase section */

/* Begin PBXSourcesBuildPhase section */
		ED11548124FE788A006B6BBE /* Sources */ = {
			isa = PBXSourcesBuildPhase;
			buildActionMask = 2147483647;
			files = (
				ED5152E2254723150071B394 /* CollectionViewController.swift in Sources */,
				ED5152E925478D930071B394 /* MemeDataStore.swift in Sources */,
				ED11548D24FE788A006B6BBE /* CreateMemeViewController.swift in Sources */,
				EDEE4D8924FFDBEA009076E4 /* Meme.swift in Sources */,
				ED11548924FE788A006B6BBE /* AppDelegate.swift in Sources */,
				ED5152DF254723090071B394 /* TableViewController.swift in Sources */,
				ED11548B24FE788A006B6BBE /* SceneDelegate.swift in Sources */,
				ED5152E625477C090071B394 /* UIViewController+MemeMe.swift in Sources */,
			);
			runOnlyForDeploymentPostprocessing = 0;
		};
/* End PBXSourcesBuildPhase section */

/* Begin PBXVariantGroup section */
		ED11548E24FE788A006B6BBE /* Main.storyboard */ = {
			isa = PBXVariantGroup;
			children = (
				ED11548F24FE788A006B6BBE /* Base */,
			);
			name = Main.storyboard;
			sourceTree = "<group>";
		};
		ED11549324FE788D006B6BBE /* LaunchScreen.storyboard */ = {
			isa = PBXVariantGroup;
			children = (
				ED11549424FE788D006B6BBE /* Base */,
			);
			name = LaunchScreen.storyboard;
			sourceTree = "<group>";
		};
/* End PBXVariantGroup section */

/* Begin XCBuildConfiguration section */
		ED11549724FE788D006B6BBE /* Debug */ = {
			isa = XCBuildConfiguration;
			buildSettings = {
				ALWAYS_SEARCH_USER_PATHS = NO;
				CLANG_ANALYZER_NONNULL = YES;
				CLANG_ANALYZER_NUMBER_OBJECT_CONVERSION = YES_AGGRESSIVE;
				CLANG_CXX_LANGUAGE_STANDARD = "gnu++14";
				CLANG_CXX_LIBRARY = "libc++";
				CLANG_ENABLE_MODULES = YES;
				CLANG_ENABLE_OBJC_ARC = YES;
				CLANG_ENABLE_OBJC_WEAK = YES;
				CLANG_WARN_BLOCK_CAPTURE_AUTORELEASING = YES;
				CLANG_WARN_BOOL_CONVERSION = YES;
				CLANG_WARN_COMMA = YES;
				CLANG_WARN_CONSTANT_CONVERSION = YES;
				CLANG_WARN_DEPRECATED_OBJC_IMPLEMENTATIONS = YES;
				CLANG_WARN_DIRECT_OBJC_ISA_USAGE = YES_ERROR;
				CLANG_WARN_DOCUMENTATION_COMMENTS = YES;
				CLANG_WARN_EMPTY_BODY = YES;
				CLANG_WARN_ENUM_CONVERSION = YES;
				CLANG_WARN_INFINITE_RECURSION = YES;
				CLANG_WARN_INT_CONVERSION = YES;
				CLANG_WARN_NON_LITERAL_NULL_CONVERSION = YES;
				CLANG_WARN_OBJC_IMPLICIT_RETAIN_SELF = YES;
				CLANG_WARN_OBJC_LITERAL_CONVERSION = YES;
				CLANG_WARN_OBJC_ROOT_CLASS = YES_ERROR;
				CLANG_WARN_RANGE_LOOP_ANALYSIS = YES;
				CLANG_WARN_STRICT_PROTOTYPES = YES;
				CLANG_WARN_SUSPICIOUS_MOVE = YES;
				CLANG_WARN_UNGUARDED_AVAILABILITY = YES_AGGRESSIVE;
				CLANG_WARN_UNREACHABLE_CODE = YES;
				CLANG_WARN__DUPLICATE_METHOD_MATCH = YES;
				COPY_PHASE_STRIP = NO;
				DEBUG_INFORMATION_FORMAT = dwarf;
				ENABLE_STRICT_OBJC_MSGSEND = YES;
				ENABLE_TESTABILITY = YES;
				GCC_C_LANGUAGE_STANDARD = gnu11;
				GCC_DYNAMIC_NO_PIC = NO;
				GCC_NO_COMMON_BLOCKS = YES;
				GCC_OPTIMIZATION_LEVEL = 0;
				GCC_PREPROCESSOR_DEFINITIONS = (
					"DEBUG=1",
					"$(inherited)",
				);
				GCC_WARN_64_TO_32_BIT_CONVERSION = YES;
				GCC_WARN_ABOUT_RETURN_TYPE = YES_ERROR;
				GCC_WARN_UNDECLARED_SELECTOR = YES;
				GCC_WARN_UNINITIALIZED_AUTOS = YES_AGGRESSIVE;
				GCC_WARN_UNUSED_FUNCTION = YES;
				GCC_WARN_UNUSED_VARIABLE = YES;
				IPHONEOS_DEPLOYMENT_TARGET = 13.6;
				MTL_ENABLE_DEBUG_INFO = INCLUDE_SOURCE;
				MTL_FAST_MATH = YES;
				ONLY_ACTIVE_ARCH = YES;
				SDKROOT = iphoneos;
				SWIFT_ACTIVE_COMPILATION_CONDITIONS = DEBUG;
				SWIFT_OPTIMIZATION_LEVEL = "-Onone";
			};
			name = Debug;
		};
		ED11549824FE788D006B6BBE /* Release */ = {
			isa = XCBuildConfiguration;
			buildSettings = {
				ALWAYS_SEARCH_USER_PATHS = NO;
				CLANG_ANALYZER_NONNULL = YES;
				CLANG_ANALYZER_NUMBER_OBJECT_CONVERSION = YES_AGGRESSIVE;
				CLANG_CXX_LANGUAGE_STANDARD = "gnu++14";
				CLANG_CXX_LIBRARY = "libc++";
				CLANG_ENABLE_MODULES = YES;
				CLANG_ENABLE_OBJC_ARC = YES;
				CLANG_ENABLE_OBJC_WEAK = YES;
				CLANG_WARN_BLOCK_CAPTURE_AUTORELEASING = YES;
				CLANG_WARN_BOOL_CONVERSION = YES;
				CLANG_WARN_COMMA = YES;
				CLANG_WARN_CONSTANT_CONVERSION = YES;
				CLANG_WARN_DEPRECATED_OBJC_IMPLEMENTATIONS = YES;
				CLANG_WARN_DIRECT_OBJC_ISA_USAGE = YES_ERROR;
				CLANG_WARN_DOCUMENTATION_COMMENTS = YES;
				CLANG_WARN_EMPTY_BODY = YES;
				CLANG_WARN_ENUM_CONVERSION = YES;
				CLANG_WARN_INFINITE_RECURSION = YES;
				CLANG_WARN_INT_CONVERSION = YES;
				CLANG_WARN_NON_LITERAL_NULL_CONVERSION = YES;
				CLANG_WARN_OBJC_IMPLICIT_RETAIN_SELF = YES;
				CLANG_WARN_OBJC_LITERAL_CONVERSION = YES;
				CLANG_WARN_OBJC_ROOT_CLASS = YES_ERROR;
				CLANG_WARN_RANGE_LOOP_ANALYSIS = YES;
				CLANG_WARN_STRICT_PROTOTYPES = YES;
				CLANG_WARN_SUSPICIOUS_MOVE = YES;
				CLANG_WARN_UNGUARDED_AVAILABILITY = YES_AGGRESSIVE;
				CLANG_WARN_UNREACHABLE_CODE = YES;
				CLANG_WARN__DUPLICATE_METHOD_MATCH = YES;
				COPY_PHASE_STRIP = NO;
				DEBUG_INFORMATION_FORMAT = "dwarf-with-dsym";
				ENABLE_NS_ASSERTIONS = NO;
				ENABLE_STRICT_OBJC_MSGSEND = YES;
				GCC_C_LANGUAGE_STANDARD = gnu11;
				GCC_NO_COMMON_BLOCKS = YES;
				GCC_WARN_64_TO_32_BIT_CONVERSION = YES;
				GCC_WARN_ABOUT_RETURN_TYPE = YES_ERROR;
				GCC_WARN_UNDECLARED_SELECTOR = YES;
				GCC_WARN_UNINITIALIZED_AUTOS = YES_AGGRESSIVE;
				GCC_WARN_UNUSED_FUNCTION = YES;
				GCC_WARN_UNUSED_VARIABLE = YES;
				IPHONEOS_DEPLOYMENT_TARGET = 13.6;
				MTL_ENABLE_DEBUG_INFO = NO;
				MTL_FAST_MATH = YES;
				SDKROOT = iphoneos;
				SWIFT_COMPILATION_MODE = wholemodule;
				SWIFT_OPTIMIZATION_LEVEL = "-O";
				VALIDATE_PRODUCT = YES;
			};
			name = Release;
		};
		ED11549A24FE788D006B6BBE /* Debug */ = {
			isa = XCBuildConfiguration;
			baseConfigurationReference = E2C66D972143505C546567AE /* Pods-MemeMe.debug.xcconfig */;
			buildSettings = {
				ASSETCATALOG_COMPILER_APPICON_NAME = AppIcon;
				CODE_SIGN_STYLE = Automatic;
				DEVELOPMENT_TEAM = S342D3JCLA;
				INFOPLIST_FILE = MemeMe/Info.plist;
				IPHONEOS_DEPLOYMENT_TARGET = 13.0;
				LD_RUNPATH_SEARCH_PATHS = (
					"$(inherited)",
					"@executable_path/Frameworks",
				);
				PRODUCT_BUNDLE_IDENTIFIER = com.sidelkovsky.MemeMe;
				PRODUCT_NAME = "$(TARGET_NAME)";
				SWIFT_VERSION = 5.0;
				TARGETED_DEVICE_FAMILY = 1;
			};
			name = Debug;
		};
		ED11549B24FE788D006B6BBE /* Release */ = {
			isa = XCBuildConfiguration;
			baseConfigurationReference = 6042D9A2940441C374386BC2 /* Pods-MemeMe.release.xcconfig */;
			buildSettings = {
				ASSETCATALOG_COMPILER_APPICON_NAME = AppIcon;
				CODE_SIGN_STYLE = Automatic;
				DEVELOPMENT_TEAM = S342D3JCLA;
				INFOPLIST_FILE = MemeMe/Info.plist;
				IPHONEOS_DEPLOYMENT_TARGET = 13.0;
				LD_RUNPATH_SEARCH_PATHS = (
					"$(inherited)",
					"@executable_path/Frameworks",
				);
				PRODUCT_BUNDLE_IDENTIFIER = com.sidelkovsky.MemeMe;
				PRODUCT_NAME = "$(TARGET_NAME)";
				SWIFT_VERSION = 5.0;
				TARGETED_DEVICE_FAMILY = 1;
			};
			name = Release;
		};
/* End XCBuildConfiguration section */

/* Begin XCConfigurationList section */
		ED11548024FE788A006B6BBE /* Build configuration list for PBXProject "MemeMe" */ = {
			isa = XCConfigurationList;
			buildConfigurations = (
				ED11549724FE788D006B6BBE /* Debug */,
				ED11549824FE788D006B6BBE /* Release */,
			);
			defaultConfigurationIsVisible = 0;
			defaultConfigurationName = Release;
		};
		ED11549924FE788D006B6BBE /* Build configuration list for PBXNativeTarget "MemeMe" */ = {
			isa = XCConfigurationList;
			buildConfigurations = (
				ED11549A24FE788D006B6BBE /* Debug */,
				ED11549B24FE788D006B6BBE /* Release */,
			);
			defaultConfigurationIsVisible = 0;
			defaultConfigurationName = Release;
		};
/* End XCConfigurationList section */
	};
	rootObject = ED11547D24FE788A006B6BBE /* Project object */;
}
